
Microsoft Visual Studio Solution File, Format Version 12.00
# Visual Studio Version 17
VisualStudioVersion = 17.8.34408.163
MinimumVisualStudioVersion = 10.0.40219.1
Project("{9A19103F-16F7-4668-BE54-9A1E7A4F7556}") = "bookstore1", "bookstore1.csproj", "{021448F8-E870-4F2C-8569-3EE1042CB4DA}"
EndProject
Project("{FAE04EC0-301F-11D3-BF4B-00C04F79EFBC}") = "class", "..\class\class.csproj", "{151BBCEB-A835-419D-B94C-7A4D38AC7968}"
EndProject
Global
	GlobalSection(SolutionConfigurationPlatforms) = preSolution
		Debug|Any CPU = Debug|Any CPU
		Release|Any CPU = Release|Any CPU
	EndGlobalSection
	GlobalSection(ProjectConfigurationPlatforms) = postSolution
		{021448F8-E870-4F2C-8569-3EE1042CB4DA}.Debug|Any CPU.ActiveCfg = Debug|Any CPU
		{021448F8-E870-4F2C-8569-3EE1042CB4DA}.Debug|Any CPU.Build.0 = Debug|Any CPU
		{021448F8-E870-4F2C-8569-3EE1042CB4DA}.Release|Any CPU.ActiveCfg = Release|Any CPU
		{021448F8-E870-4F2C-8569-3EE1042CB4DA}.Release|Any CPU.Build.0 = Release|Any CPU
		{151BBCEB-A835-419D-B94C-7A4D38AC7968}.Debug|Any CPU.ActiveCfg = Debug|Any CPU
		{151BBCEB-A835-419D-B94C-7A4D38AC7968}.Debug|Any CPU.Build.0 = Debug|Any CPU
		{151BBCEB-A835-419D-B94C-7A4D38AC7968}.Release|Any CPU.ActiveCfg = Release|Any CPU
		{151BBCEB-A835-419D-B94C-7A4D38AC7968}.Release|Any CPU.Build.0 = Release|Any CPU
	EndGlobalSection
	GlobalSection(SolutionProperties) = preSolution
		HideSolutionNode = FALSE
	EndGlobalSection
	GlobalSection(ExtensibilityGlobals) = postSolution
		SolutionGuid = {A0775EE6-81C8-40CD-8917-53769EA5E41F}
	EndGlobalSection
EndGlobal
